
Microsoft Visual Studio Solution File, Format Version 12.00
Project("{FAE04EC0-301F-11D3-BF4B-00C04F79EFBC}") = "WarnSystem-PepperFrog", "WarnSystem-PepperFrog\WarnSystem-PepperFrog.csproj", "{FD6CFCE0-1FCB-49FA-AA58-ADC88CC79397}"
EndProject
Global
	GlobalSection(SolutionConfigurationPlatforms) = preSolution
		Debug|Any CPU = Debug|Any CPU
		Release|Any CPU = Release|Any CPU
		FRENCH|Any CPU = FRENCH|Any CPU
	EndGlobalSection
	GlobalSection(ProjectConfigurationPlatforms) = postSolution
		{FD6CFCE0-1FCB-49FA-AA58-ADC88CC79397}.Debug|Any CPU.ActiveCfg = Debug|Any CPU
		{FD6CFCE0-1FCB-49FA-AA58-ADC88CC79397}.Debug|Any CPU.Build.0 = Debug|Any CPU
		{FD6CFCE0-1FCB-49FA-AA58-ADC88CC79397}.Release|Any CPU.ActiveCfg = Release|Any CPU
		{FD6CFCE0-1FCB-49FA-AA58-ADC88CC79397}.Release|Any CPU.Build.0 = Release|Any CPU
		{FD6CFCE0-1FCB-49FA-AA58-ADC88CC79397}.FRENCH|Any CPU.ActiveCfg = FRENCH|Any CPU
		{FD6CFCE0-1FCB-49FA-AA58-ADC88CC79397}.FRENCH|Any CPU.Build.0 = FRENCH|Any CPU
	EndGlobalSection
EndGlobal
